<Solution>
  <Folder Name="/1 - Application/">
    <Project Path="BiotokkaApp.API/BiotokkaApp.API.csproj" />
  </Folder>
  <Folder Name="/2 - Domain/">
    <Project Path="BiotokkaApp.Domain/BiotokkaApp.Domain.csproj" />
  </Folder>
  <Folder Name="/3 - Infrastructure/">
    <Project Path="BiotokkaApp.Infra.Data/BiotokkaApp.Infra.Data.csproj" />
  </Folder>
</Solution>
